
Microsoft Visual Studio Solution File, Format Version 12.00
# Visual Studio Version 17
VisualStudioVersion = 17.0.32014.148
MinimumVisualStudioVersion = 10.0.40219.1
Project("{FAE04EC0-301F-11D3-BF4B-00C04F79EFBC}") = "CalligraphyAssistant", "CalligraphyAssistant\CalligraphyAssistant.csproj", "{44ACF601-6C94-457D-B61E-8EEE29025BD4}"
EndProject
Project("{FAE04EC0-301F-11D3-BF4B-00C04F79EFBC}") = "CalligraphyAssistantMain", "CalligraphyAssistantMain\CalligraphyAssistantMain.csproj", "{A19B1E96-65B8-403A-8167-F543B2CF0BBA}"
EndProject
Global
	GlobalSection(SolutionConfigurationPlatforms) = preSolution
		bszb|Any CPU = bszb|Any CPU
		Debug|Any CPU = Debug|Any CPU
		DW|Any CPU = DW|Any CPU
		DY_NEW|Any CPU = DY_NEW|Any CPU
		DY|Any CPU = DY|Any CPU
		EM_Classic|Any CPU = EM_Classic|Any CPU
		EM|Any CPU = EM|Any CPU
		En|Any CPU = En|Any CPU
		GMS|Any CPU = GMS|Any CPU
		HG_HZJ|Any CPU = HG_HZJ|Any CPU
		HG|Any CPU = HG|Any CPU
		HS|Any CPU = HS|Any CPU
		Normal|Any CPU = Normal|Any CPU
		Release|Any CPU = Release|Any CPU
		TFGA|Any CPU = TFGA|Any CPU
		TSYS|Any CPU = TSYS|Any CPU
		XSK|Any CPU = XSK|Any CPU
	EndGlobalSection
	GlobalSection(ProjectConfigurationPlatforms) = postSolution
		{44ACF601-6C94-457D-B61E-8EEE29025BD4}.bszb|Any CPU.ActiveCfg = Release|Any CPU
		{44ACF601-6C94-457D-B61E-8EEE29025BD4}.bszb|Any CPU.Build.0 = Release|Any CPU
		{44ACF601-6C94-457D-B61E-8EEE29025BD4}.Debug|Any CPU.ActiveCfg = Debug|Any CPU
		{44ACF601-6C94-457D-B61E-8EEE29025BD4}.Debug|Any CPU.Build.0 = Debug|Any CPU
		{44ACF601-6C94-457D-B61E-8EEE29025BD4}.DW|Any CPU.ActiveCfg = Debug|Any CPU
		{44ACF601-6C94-457D-B61E-8EEE29025BD4}.DW|Any CPU.Build.0 = Debug|Any CPU
		{44ACF601-6C94-457D-B61E-8EEE29025BD4}.DY_NEW|Any CPU.ActiveCfg = Debug|Any CPU
		{44ACF601-6C94-457D-B61E-8EEE29025BD4}.DY_NEW|Any CPU.Build.0 = Debug|Any CPU
		{44ACF601-6C94-457D-B61E-8EEE29025BD4}.DY|Any CPU.ActiveCfg = Debug|Any CPU
		{44ACF601-6C94-457D-B61E-8EEE29025BD4}.DY|Any CPU.Build.0 = Debug|Any CPU
		{44ACF601-6C94-457D-B61E-8EEE29025BD4}.EM_Classic|Any CPU.ActiveCfg = Release|Any CPU
		{44ACF601-6C94-457D-B61E-8EEE29025BD4}.EM_Classic|Any CPU.Build.0 = Release|Any CPU
		{44ACF601-6C94-457D-B61E-8EEE29025BD4}.EM|Any CPU.ActiveCfg = Release|Any CPU
		{44ACF601-6C94-457D-B61E-8EEE29025BD4}.EM|Any CPU.Build.0 = Release|Any CPU
		{44ACF601-6C94-457D-B61E-8EEE29025BD4}.En|Any CPU.ActiveCfg = Release|Any CPU
		{44ACF601-6C94-457D-B61E-8EEE29025BD4}.En|Any CPU.Build.0 = Release|Any CPU
		{44ACF601-6C94-457D-B61E-8EEE29025BD4}.GMS|Any CPU.ActiveCfg = Release|Any CPU
		{44ACF601-6C94-457D-B61E-8EEE29025BD4}.GMS|Any CPU.Build.0 = Release|Any CPU
		{44ACF601-6C94-457D-B61E-8EEE29025BD4}.HG_HZJ|Any CPU.ActiveCfg = Release|Any CPU
		{44ACF601-6C94-457D-B61E-8EEE29025BD4}.HG_HZJ|Any CPU.Build.0 = Release|Any CPU
		{44ACF601-6C94-457D-B61E-8EEE29025BD4}.HG|Any CPU.ActiveCfg = Release|Any CPU
		{44ACF601-6C94-457D-B61E-8EEE29025BD4}.HG|Any CPU.Build.0 = Release|Any CPU
		{44ACF601-6C94-457D-B61E-8EEE29025BD4}.HS|Any CPU.ActiveCfg = Release|Any CPU
		{44ACF601-6C94-457D-B61E-8EEE29025BD4}.HS|Any CPU.Build.0 = Release|Any CPU
		{44ACF601-6C94-457D-B61E-8EEE29025BD4}.Normal|Any CPU.ActiveCfg = Release|Any CPU
		{44ACF601-6C94-457D-B61E-8EEE29025BD4}.Normal|Any CPU.Build.0 = Release|Any CPU
		{44ACF601-6C94-457D-B61E-8EEE29025BD4}.Release|Any CPU.ActiveCfg = Release|Any CPU
		{44ACF601-6C94-457D-B61E-8EEE29025BD4}.Release|Any CPU.Build.0 = Release|Any CPU
		{44ACF601-6C94-457D-B61E-8EEE29025BD4}.TFGA|Any CPU.ActiveCfg = Release|Any CPU
		{44ACF601-6C94-457D-B61E-8EEE29025BD4}.TFGA|Any CPU.Build.0 = Release|Any CPU
		{44ACF601-6C94-457D-B61E-8EEE29025BD4}.TSYS|Any CPU.ActiveCfg = Release|Any CPU
		{44ACF601-6C94-457D-B61E-8EEE29025BD4}.TSYS|Any CPU.Build.0 = Release|Any CPU
		{44ACF601-6C94-457D-B61E-8EEE29025BD4}.XSK|Any CPU.ActiveCfg = Release|Any CPU
		{44ACF601-6C94-457D-B61E-8EEE29025BD4}.XSK|Any CPU.Build.0 = Release|Any CPU
		{A19B1E96-65B8-403A-8167-F543B2CF0BBA}.bszb|Any CPU.ActiveCfg = Release|Any CPU
		{A19B1E96-65B8-403A-8167-F543B2CF0BBA}.bszb|Any CPU.Build.0 = Release|Any CPU
		{A19B1E96-65B8-403A-8167-F543B2CF0BBA}.Debug|Any CPU.ActiveCfg = Debug|Any CPU
		{A19B1E96-65B8-403A-8167-F543B2CF0BBA}.Debug|Any CPU.Build.0 = Debug|Any CPU
		{A19B1E96-65B8-403A-8167-F543B2CF0BBA}.DW|Any CPU.ActiveCfg = Debug|Any CPU
		{A19B1E96-65B8-403A-8167-F543B2CF0BBA}.DW|Any CPU.Build.0 = Debug|Any CPU
		{A19B1E96-65B8-403A-8167-F543B2CF0BBA}.DY_NEW|Any CPU.ActiveCfg = Debug|Any CPU
		{A19B1E96-65B8-403A-8167-F543B2CF0BBA}.DY_NEW|Any CPU.Build.0 = Debug|Any CPU
		{A19B1E96-65B8-403A-8167-F543B2CF0BBA}.DY|Any CPU.ActiveCfg = Debug|Any CPU
		{A19B1E96-65B8-403A-8167-F543B2CF0BBA}.DY|Any CPU.Build.0 = Debug|Any CPU
		{A19B1E96-65B8-403A-8167-F543B2CF0BBA}.EM_Classic|Any CPU.ActiveCfg = Release|Any CPU
		{A19B1E96-65B8-403A-8167-F543B2CF0BBA}.EM_Classic|Any CPU.Build.0 = Release|Any CPU
		{A19B1E96-65B8-403A-8167-F543B2CF0BBA}.EM|Any CPU.ActiveCfg = Release|Any CPU
		{A19B1E96-65B8-403A-8167-F543B2CF0BBA}.EM|Any CPU.Build.0 = Release|Any CPU
		{A19B1E96-65B8-403A-8167-F543B2CF0BBA}.En|Any CPU.ActiveCfg = Release|Any CPU
		{A19B1E96-65B8-403A-8167-F543B2CF0BBA}.En|Any CPU.Build.0 = Release|Any CPU
		{A19B1E96-65B8-403A-8167-F543B2CF0BBA}.GMS|Any CPU.ActiveCfg = Release|Any CPU
		{A19B1E96-65B8-403A-8167-F543B2CF0BBA}.GMS|Any CPU.Build.0 = Release|Any CPU
		{A19B1E96-65B8-403A-8167-F543B2CF0BBA}.HG_HZJ|Any CPU.ActiveCfg = Release|Any CPU
		{A19B1E96-65B8-403A-8167-F543B2CF0BBA}.HG_HZJ|Any CPU.Build.0 = Release|Any CPU
		{A19B1E96-65B8-403A-8167-F543B2CF0BBA}.HG|Any CPU.ActiveCfg = Release|Any CPU
		{A19B1E96-65B8-403A-8167-F543B2CF0BBA}.HG|Any CPU.Build.0 = Release|Any CPU
		{A19B1E96-65B8-403A-8167-F543B2CF0BBA}.HS|Any CPU.ActiveCfg = Release|Any CPU
		{A19B1E96-65B8-403A-8167-F543B2CF0BBA}.HS|Any CPU.Build.0 = Release|Any CPU
		{A19B1E96-65B8-403A-8167-F543B2CF0BBA}.Normal|Any CPU.ActiveCfg = Release|Any CPU
		{A19B1E96-65B8-403A-8167-F543B2CF0BBA}.Normal|Any CPU.Build.0 = Release|Any CPU
		{A19B1E96-65B8-403A-8167-F543B2CF0BBA}.Release|Any CPU.ActiveCfg = Release|Any CPU
		{A19B1E96-65B8-403A-8167-F543B2CF0BBA}.Release|Any CPU.Build.0 = Release|Any CPU
		{A19B1E96-65B8-403A-8167-F543B2CF0BBA}.TFGA|Any CPU.ActiveCfg = Release|Any CPU
		{A19B1E96-65B8-403A-8167-F543B2CF0BBA}.TFGA|Any CPU.Build.0 = Release|Any CPU
		{A19B1E96-65B8-403A-8167-F543B2CF0BBA}.TSYS|Any CPU.ActiveCfg = Release|Any CPU
		{A19B1E96-65B8-403A-8167-F543B2CF0BBA}.TSYS|Any CPU.Build.0 = Release|Any CPU
		{A19B1E96-65B8-403A-8167-F543B2CF0BBA}.XSK|Any CPU.ActiveCfg = Release|Any CPU
		{A19B1E96-65B8-403A-8167-F543B2CF0BBA}.XSK|Any CPU.Build.0 = Release|Any CPU
	EndGlobalSection
	GlobalSection(SolutionProperties) = preSolution
		HideSolutionNode = FALSE
	EndGlobalSection
	GlobalSection(ExtensibilityGlobals) = postSolution
		SolutionGuid = {B90AEFDC-D04A-442B-9653-590B431317CA}
	EndGlobalSection
EndGlobal
